
Microsoft Visual Studio Solution File, Format Version 12.00
# Visual Studio Version 17
VisualStudioVersion = 17.12.35707.178
MinimumVisualStudioVersion = 10.0.40219.1
Project("{2150E333-8FDC-42A3-9474-1A3956D46DE8}") = "Core", "Core", "{3524BF55-FF98-4863-9035-8974DC58D34C}"
EndProject
Project("{2150E333-8FDC-42A3-9474-1A3956D46DE8}") = "Infstracructure", "Infstracructure", "{17913F0C-8E99-4319-BA95-6F70A1DFADEE}"
EndProject
Project("{2150E333-8FDC-42A3-9474-1A3956D46DE8}") = "Presentation", "Presentation", "{6D8C9994-9B1F-446E-96CA-BD48145797AB}"
EndProject
Project("{FAE04EC0-301F-11D3-BF4B-00C04F79EFBC}") = "Case.Domain", "Core\Case.Domain\Case.Domain.csproj", "{B82950DF-991D-4E77-972D-6D764A72C3FA}"
EndProject
Project("{FAE04EC0-301F-11D3-BF4B-00C04F79EFBC}") = "Case.Persistence", "Infsracructure\Case.Persistence\Case.Persistence.csproj", "{7270945C-93AF-4F46-A8F0-2CC49FC2E2A6}"
EndProject
Project("{FAE04EC0-301F-11D3-BF4B-00C04F79EFBC}") = "Case.API", "Presentation\Case.API\Case.API.csproj", "{D405E072-815F-4AA6-AB44-3054D69691DE}"
EndProject
Project("{FAE04EC0-301F-11D3-BF4B-00C04F79EFBC}") = "Case.Application", "Core\Case.Application\Case.Application.csproj", "{8EE957E5-7095-4352-AAA2-686D4A8B9A85}"
EndProject
Global
	GlobalSection(SolutionConfigurationPlatforms) = preSolution
		Debug|Any CPU = Debug|Any CPU
		Release|Any CPU = Release|Any CPU
	EndGlobalSection
	GlobalSection(ProjectConfigurationPlatforms) = postSolution
		{B82950DF-991D-4E77-972D-6D764A72C3FA}.Debug|Any CPU.ActiveCfg = Debug|Any CPU
		{B82950DF-991D-4E77-972D-6D764A72C3FA}.Debug|Any CPU.Build.0 = Debug|Any CPU
		{B82950DF-991D-4E77-972D-6D764A72C3FA}.Release|Any CPU.ActiveCfg = Release|Any CPU
		{B82950DF-991D-4E77-972D-6D764A72C3FA}.Release|Any CPU.Build.0 = Release|Any CPU
		{7270945C-93AF-4F46-A8F0-2CC49FC2E2A6}.Debug|Any CPU.ActiveCfg = Debug|Any CPU
		{7270945C-93AF-4F46-A8F0-2CC49FC2E2A6}.Debug|Any CPU.Build.0 = Debug|Any CPU
		{7270945C-93AF-4F46-A8F0-2CC49FC2E2A6}.Release|Any CPU.ActiveCfg = Release|Any CPU
		{7270945C-93AF-4F46-A8F0-2CC49FC2E2A6}.Release|Any CPU.Build.0 = Release|Any CPU
		{D405E072-815F-4AA6-AB44-3054D69691DE}.Debug|Any CPU.ActiveCfg = Debug|Any CPU
		{D405E072-815F-4AA6-AB44-3054D69691DE}.Debug|Any CPU.Build.0 = Debug|Any CPU
		{D405E072-815F-4AA6-AB44-3054D69691DE}.Release|Any CPU.ActiveCfg = Release|Any CPU
		{D405E072-815F-4AA6-AB44-3054D69691DE}.Release|Any CPU.Build.0 = Release|Any CPU
		{8EE957E5-7095-4352-AAA2-686D4A8B9A85}.Debug|Any CPU.ActiveCfg = Debug|Any CPU
		{8EE957E5-7095-4352-AAA2-686D4A8B9A85}.Debug|Any CPU.Build.0 = Debug|Any CPU
		{8EE957E5-7095-4352-AAA2-686D4A8B9A85}.Release|Any CPU.ActiveCfg = Release|Any CPU
		{8EE957E5-7095-4352-AAA2-686D4A8B9A85}.Release|Any CPU.Build.0 = Release|Any CPU
	EndGlobalSection
	GlobalSection(SolutionProperties) = preSolution
		HideSolutionNode = FALSE
	EndGlobalSection
	GlobalSection(NestedProjects) = preSolution
		{B82950DF-991D-4E77-972D-6D764A72C3FA} = {3524BF55-FF98-4863-9035-8974DC58D34C}
		{7270945C-93AF-4F46-A8F0-2CC49FC2E2A6} = {17913F0C-8E99-4319-BA95-6F70A1DFADEE}
		{D405E072-815F-4AA6-AB44-3054D69691DE} = {6D8C9994-9B1F-446E-96CA-BD48145797AB}
		{8EE957E5-7095-4352-AAA2-686D4A8B9A85} = {3524BF55-FF98-4863-9035-8974DC58D34C}
	EndGlobalSection
EndGlobal
